
Microsoft Visual Studio Solution File, Format Version 12.00
# Visual Studio Version 17
VisualStudioVersion = 17.8.34316.72
MinimumVisualStudioVersion = 10.0.40219.1
Project("{888888A0-9F3D-457C-B088-3A5042F75D52}") = "AdventOfCode", "AdventOfCode\AdventOfCode.pyproj", "{65668D8B-4BE5-4BFB-89CB-61632D97F7A3}"
EndProject
Global
	GlobalSection(SolutionConfigurationPlatforms) = preSolution
		Debug|Any CPU = Debug|Any CPU
		Release|Any CPU = Release|Any CPU
	EndGlobalSection
	GlobalSection(ProjectConfigurationPlatforms) = postSolution
		{65668D8B-4BE5-4BFB-89CB-61632D97F7A3}.Debug|Any CPU.ActiveCfg = Debug|Any CPU
		{65668D8B-4BE5-4BFB-89CB-61632D97F7A3}.Release|Any CPU.ActiveCfg = Release|Any CPU
	EndGlobalSection
	GlobalSection(SolutionProperties) = preSolution
		HideSolutionNode = FALSE
	EndGlobalSection
	GlobalSection(ExtensibilityGlobals) = postSolution
		SolutionGuid = {E1922A4C-79BD-4507-8314-F962B368FAAE}
	EndGlobalSection
EndGlobal
